{
    "_readme": [
        "This file locks the dependencies of your project to a known state",
        "Read more about it at https://getcomposer.org/doc/01-basic-usage.md#installing-dependencies",
        "This file is @generated automatically"
    ],
    "content-hash": "741acd0e7ca8a2fbaabe6d1ffdc4bbd3",
    "packages": [
        {
            "name": "wordpress/wordpress",
            "version": "6.8.1",
            "dist": {
                "type": "zip",
                "url": "https://github.com/WordPress/WordPress/archive/refs/heads/master.zip"
            },
            "type": "wordpress-core"
        }
    ],
    "packages-dev": [],
    "aliases": [],
    "minimum-stability": "stable",
    "stability-flags": [],
    "prefer-stable": false,
    "prefer-lowest": false,
    "platform": [],
    "platform-dev": [],
    "plugin-api-version": "2.2.0"
}
